
Microsoft Visual Studio Solution File, Format Version 12.00
# Visual Studio Version 17
VisualStudioVersion = 17.3.32929.385
MinimumVisualStudioVersion = 10.0.40219.1
Project("{9A19103F-16F7-4668-BE54-9A1E7A4F7556}") = "Product_Api", "Product_Api\Product_Api.csproj", "{3490007B-58D7-4056-A750-C02F51CC3AB1}"
EndProject
Project("{2150E333-8FDC-42A3-9474-1A3956D46DE8}") = "ScaffoldDbContext", "ScaffoldDbContext", "{25414B86-5B46-400A-BCCA-6E0E0A0C9DBB}"
	ProjectSection(SolutionItems) = preProject
		Linea de Comando.txt = Linea de Comando.txt
	EndProjectSection
EndProject
Project("{FAE04EC0-301F-11D3-BF4B-00C04F79EFBC}") = "Categoria_Api", "Categoria_Api\Categoria_Api.csproj", "{6A6C51B4-1F22-4978-873F-492B4E35FE51}"
EndProject
Project("{FAE04EC0-301F-11D3-BF4B-00C04F79EFBC}") = "TindaRopa_Config", "TindaRopa_Config\TindaRopa_Config.csproj", "{4B879927-ECF8-4AD0-8C63-FCA17CF3E2F3}"
EndProject
Global
	GlobalSection(SolutionConfigurationPlatforms) = preSolution
		Debug|Any CPU = Debug|Any CPU
		Release|Any CPU = Release|Any CPU
	EndGlobalSection
	GlobalSection(ProjectConfigurationPlatforms) = postSolution
		{3490007B-58D7-4056-A750-C02F51CC3AB1}.Debug|Any CPU.ActiveCfg = Debug|Any CPU
		{3490007B-58D7-4056-A750-C02F51CC3AB1}.Debug|Any CPU.Build.0 = Debug|Any CPU
		{3490007B-58D7-4056-A750-C02F51CC3AB1}.Release|Any CPU.ActiveCfg = Release|Any CPU
		{3490007B-58D7-4056-A750-C02F51CC3AB1}.Release|Any CPU.Build.0 = Release|Any CPU
		{6A6C51B4-1F22-4978-873F-492B4E35FE51}.Debug|Any CPU.ActiveCfg = Debug|Any CPU
		{6A6C51B4-1F22-4978-873F-492B4E35FE51}.Debug|Any CPU.Build.0 = Debug|Any CPU
		{6A6C51B4-1F22-4978-873F-492B4E35FE51}.Release|Any CPU.ActiveCfg = Release|Any CPU
		{6A6C51B4-1F22-4978-873F-492B4E35FE51}.Release|Any CPU.Build.0 = Release|Any CPU
		{4B879927-ECF8-4AD0-8C63-FCA17CF3E2F3}.Debug|Any CPU.ActiveCfg = Debug|Any CPU
		{4B879927-ECF8-4AD0-8C63-FCA17CF3E2F3}.Debug|Any CPU.Build.0 = Debug|Any CPU
		{4B879927-ECF8-4AD0-8C63-FCA17CF3E2F3}.Release|Any CPU.ActiveCfg = Release|Any CPU
		{4B879927-ECF8-4AD0-8C63-FCA17CF3E2F3}.Release|Any CPU.Build.0 = Release|Any CPU
	EndGlobalSection
	GlobalSection(SolutionProperties) = preSolution
		HideSolutionNode = FALSE
	EndGlobalSection
	GlobalSection(ExtensibilityGlobals) = postSolution
		SolutionGuid = {1A88D204-A15F-44FF-87A1-C257BAAF98D6}
	EndGlobalSection
EndGlobal
